{
  "name": "ags-config",
  "version": "1.0.0",
  "lockfileVersion": 3,
  "requires": true,
  "packages": {
    "": {
      "name": "ags-config",
      "version": "1.0.0",
      "devDependencies": {
        "@girs/gjs": "latest",
        "@girs/glib-2.0": "latest",
        "@girs/gtk-3.0": "latest",
        "typescript": "^5.3.0"
      }
    },
    "node_modules/@girs/atk-1.0": {
      "version": "2.56.2-4.0.0-beta.25",
      "resolved": "https://registry.npmjs.org/@girs/atk-1.0/-/atk-1.0-2.56.2-4.0.0-beta.25.tgz",
      "integrity": "sha512-V6eswiQtp8Hqr/IdD3T+3uHDerCajP6GRKedLwijg39tvAciVH3ZIUqrKY5w6igMMdZIPQ6HbgNPGMqgc3kVlQ==",
      "dev": true,
      "license": "MIT",
      "dependencies": {
        "@girs/gjs": "^4.0.0-beta.25",
        "@girs/glib-2.0": "^2.84.2-4.0.0-beta.25",
        "@girs/gobject-2.0": "^2.84.2-4.0.0-beta.25"
      }
    },
    "node_modules/@girs/cairo-1.0": {
      "version": "1.0.0-4.0.0-beta.25",
      "resolved": "https://registry.npmjs.org/@girs/cairo-1.0/-/cairo-1.0-1.0.0-4.0.0-beta.25.tgz",
      "integrity": "sha512-gg892WthDi8uwfyPYMqGQ0P2PEPO0R0L88Vr/wiiKzDtKAoiW0G9Mu81edTc2yK0Q1CFf7toE7HWPOfkNilztA==",
      "dev": true,
      "license": "MIT",
      "dependencies": {
        "@girs/gjs": "^4.0.0-beta.25",
        "@girs/glib-2.0": "^2.84.2-4.0.0-beta.25",
        "@girs/gobject-2.0": "^2.84.2-4.0.0-beta.25"
      }
    },
    "node_modules/@girs/freetype2-2.0": {
      "version": "2.0.0-4.0.0-beta.25",
      "resolved": "https://registry.npmjs.org/@girs/freetype2-2.0/-/freetype2-2.0-2.0.0-4.0.0-beta.25.tgz",
      "integrity": "sha512-QubZF7yZDbhEZv/f83leMjiupjrSSvVcPuP3l3O1dpQj/cmERW5+XpZ0PXoDtOWASuE8keiRjGocXOEMd692Vg==",
      "dev": true,
      "license": "MIT",
      "dependencies": {
        "@girs/gjs": "^4.0.0-beta.25",
        "@girs/gobject-2.0": "^2.84.2-4.0.0-beta.25"
      }
    },
    "node_modules/@girs/gdk-3.0": {
      "version": "3.24.50-4.0.0-beta.25",
      "resolved": "https://registry.npmjs.org/@girs/gdk-3.0/-/gdk-3.0-3.24.50-4.0.0-beta.25.tgz",
      "integrity": "sha512-bl8yKtQGXlbMPt1lPZOFT7Vkt4RDnkUtk9GqofQobsEXnOaBaJiGcKvwl2lYCEuLMcMc0/GAyW+QqmcW0E39zQ==",
      "dev": true,
      "license": "MIT",
      "dependencies": {
        "@girs/cairo-1.0": "^1.0.0-4.0.0-beta.25",
        "@girs/freetype2-2.0": "^2.0.0-4.0.0-beta.25",
        "@girs/gdkpixbuf-2.0": "^2.0.0-4.0.0-beta.25",
        "@girs/gio-2.0": "^2.84.2-4.0.0-beta.25",
        "@girs/gjs": "^4.0.0-beta.25",
        "@girs/glib-2.0": "^2.84.2-4.0.0-beta.25",
        "@girs/gmodule-2.0": "^2.0.0-4.0.0-beta.25",
        "@girs/gobject-2.0": "^2.84.2-4.0.0-beta.25",
        "@girs/harfbuzz-0.0": "^10.4.0-4.0.0-beta.25",
        "@girs/pango-1.0": "^1.56.4-4.0.0-beta.25"
      }
    },
    "node_modules/@girs/gdkpixbuf-2.0": {
      "version": "2.0.0-4.0.0-beta.25",
      "resolved": "https://registry.npmjs.org/@girs/gdkpixbuf-2.0/-/gdkpixbuf-2.0-2.0.0-4.0.0-beta.25.tgz",
      "integrity": "sha512-SkKxi4ytXjiCiD6+74wqaZM3gTf0FPc0edhU2+womp4T9FZSvbJ4/FC1/2jSYip3Q39eSxUVBszyoE3oTgvHjg==",
      "dev": true,
      "license": "MIT",
      "dependencies": {
        "@girs/gio-2.0": "^2.84.2-4.0.0-beta.25",
        "@girs/gjs": "^4.0.0-beta.25",
        "@girs/glib-2.0": "^2.84.2-4.0.0-beta.25",
        "@girs/gmodule-2.0": "^2.0.0-4.0.0-beta.25",
        "@girs/gobject-2.0": "^2.84.2-4.0.0-beta.25"
      }
    },
    "node_modules/@girs/gio-2.0": {
      "version": "2.84.2-4.0.0-beta.25",
      "resolved": "https://registry.npmjs.org/@girs/gio-2.0/-/gio-2.0-2.84.2-4.0.0-beta.25.tgz",
      "integrity": "sha512-2iJXJbHX4q2/ZHFyAH/oStPnwlLfyxNPwDX3ouzWGiwTnO4FOPOzW+9CltWD/IOF2I3luLUW5Bk3Y+WbBR8RSA==",
      "dev": true,
      "license": "MIT",
      "dependencies": {
        "@girs/gjs": "^4.0.0-beta.25",
        "@girs/glib-2.0": "^2.84.2-4.0.0-beta.25",
        "@girs/gmodule-2.0": "^2.0.0-4.0.0-beta.25",
        "@girs/gobject-2.0": "^2.84.2-4.0.0-beta.25"
      }
    },
    "node_modules/@girs/gjs": {
      "version": "4.0.0-beta.25",
      "resolved": "https://registry.npmjs.org/@girs/gjs/-/gjs-4.0.0-beta.25.tgz",
      "integrity": "sha512-7m3copHTTWcc6XyKsCY0xwzZKDer8kzfnfVAptYisXat25GuWT6hsoZdbXJ26sqlnk0w/Tpxmeqd18aYLYRdGA==",
      "dev": true,
      "license": "MIT",
      "dependencies": {
        "@girs/cairo-1.0": "^1.0.0-4.0.0-beta.25",
        "@girs/gio-2.0": "^2.84.2-4.0.0-beta.25",
        "@girs/glib-2.0": "^2.84.2-4.0.0-beta.25",
        "@girs/gobject-2.0": "^2.84.2-4.0.0-beta.25"
      }
    },
    "node_modules/@girs/glib-2.0": {
      "version": "2.84.2-4.0.0-beta.25",
      "resolved": "https://registry.npmjs.org/@girs/glib-2.0/-/glib-2.0-2.84.2-4.0.0-beta.25.tgz",
      "integrity": "sha512-4G8Ai2jh8bqiHa5Dd4MqU3m1JNyMxa0TudMaZrL67Z1/QOGFPg/75luVtIvCD+j4fwaMlfLHaBGJJ+1dFklCpw==",
      "dev": true,
      "license": "MIT",
      "dependencies": {
        "@girs/gjs": "^4.0.0-beta.25",
        "@girs/gobject-2.0": "^2.84.2-4.0.0-beta.25"
      }
    },
    "node_modules/@girs/gmodule-2.0": {
      "version": "2.0.0-4.0.0-beta.25",
      "resolved": "https://registry.npmjs.org/@girs/gmodule-2.0/-/gmodule-2.0-2.0.0-4.0.0-beta.25.tgz",
      "integrity": "sha512-RiZ1LhVN2EbPnqb7Ed4DVhPF5ZDfvKrEaHfxBiAsBU7knf8FUKKOGwOKvH2tQ36JYnvTNACQkm+xcPSIYIkwsQ==",
      "dev": true,
      "license": "MIT",
      "dependencies": {
        "@girs/gjs": "^4.0.0-beta.25",
        "@girs/glib-2.0": "^2.84.2-4.0.0-beta.25",
        "@girs/gobject-2.0": "^2.84.2-4.0.0-beta.25"
      }
    },
    "node_modules/@girs/gobject-2.0": {
      "version": "2.84.2-4.0.0-beta.25",
      "resolved": "https://registry.npmjs.org/@girs/gobject-2.0/-/gobject-2.0-2.84.2-4.0.0-beta.25.tgz",
      "integrity": "sha512-5CHEq2Rw9hCHYmxhWQQLR0eJlqWhO9MpbJkr1rHrPqM00i9t9n701de1daFXubi9DUwsqw73F+36A2UDkTC5sw==",
      "dev": true,
      "license": "MIT",
      "dependencies": {
        "@girs/gjs": "^4.0.0-beta.25",
        "@girs/glib-2.0": "^2.84.2-4.0.0-beta.25"
      }
    },
    "node_modules/@girs/gtk-3.0": {
      "version": "3.24.50-4.0.0-beta.25",
      "resolved": "https://registry.npmjs.org/@girs/gtk-3.0/-/gtk-3.0-3.24.50-4.0.0-beta.25.tgz",
      "integrity": "sha512-3UTBqGphi358SVbLuUq2ua6s3QfkmHTaPmTyistxEcf/SkRjBkk7kHINXwmJiYmpVX4kU2644mAbSO4Tv8X+8w==",
      "dev": true,
      "license": "MIT",
      "dependencies": {
        "@girs/atk-1.0": "^2.56.2-4.0.0-beta.25",
        "@girs/cairo-1.0": "^1.0.0-4.0.0-beta.25",
        "@girs/freetype2-2.0": "^2.0.0-4.0.0-beta.25",
        "@girs/gdk-3.0": "^3.24.50-4.0.0-beta.25",
        "@girs/gdkpixbuf-2.0": "^2.0.0-4.0.0-beta.25",
        "@girs/gio-2.0": "^2.84.2-4.0.0-beta.25",
        "@girs/gjs": "^4.0.0-beta.25",
        "@girs/glib-2.0": "^2.84.2-4.0.0-beta.25",
        "@girs/gmodule-2.0": "^2.0.0-4.0.0-beta.25",
        "@girs/gobject-2.0": "^2.84.2-4.0.0-beta.25",
        "@girs/harfbuzz-0.0": "^10.4.0-4.0.0-beta.25",
        "@girs/pango-1.0": "^1.56.4-4.0.0-beta.25",
        "@girs/xlib-2.0": "^2.0.0-4.0.0-beta.25"
      }
    },
    "node_modules/@girs/harfbuzz-0.0": {
      "version": "10.4.0-4.0.0-beta.25",
      "resolved": "https://registry.npmjs.org/@girs/harfbuzz-0.0/-/harfbuzz-0.0-10.4.0-4.0.0-beta.25.tgz",
      "integrity": "sha512-0fJFZeBLeiMz03MFVx6uRiNGTXKTYP0Js0WqHYEmwi8eYc3/rvT6wOnxK+4mDSUfplvhS6J6QfNSQYKhA2p6Sw==",
      "dev": true,
      "license": "MIT",
      "dependencies": {
        "@girs/freetype2-2.0": "^2.0.0-4.0.0-beta.25",
        "@girs/gjs": "^4.0.0-beta.25",
        "@girs/glib-2.0": "^2.84.2-4.0.0-beta.25",
        "@girs/gobject-2.0": "^2.84.2-4.0.0-beta.25"
      }
    },
    "node_modules/@girs/pango-1.0": {
      "version": "1.56.4-4.0.0-beta.25",
      "resolved": "https://registry.npmjs.org/@girs/pango-1.0/-/pango-1.0-1.56.4-4.0.0-beta.25.tgz",
      "integrity": "sha512-/lsPuVOPO/muGV97oFk9cv0xnfqS2qIPweSY8Y50Yqwb013tXNx9+23Bvf7AdEPFAOUbP3CK6fwKoyuSOnz1mQ==",
      "dev": true,
      "license": "MIT",
      "dependencies": {
        "@girs/cairo-1.0": "^1.0.0-4.0.0-beta.25",
        "@girs/freetype2-2.0": "^2.0.0-4.0.0-beta.25",
        "@girs/gio-2.0": "^2.84.2-4.0.0-beta.25",
        "@girs/gjs": "^4.0.0-beta.25",
        "@girs/glib-2.0": "^2.84.2-4.0.0-beta.25",
        "@girs/gmodule-2.0": "^2.0.0-4.0.0-beta.25",
        "@girs/gobject-2.0": "^2.84.2-4.0.0-beta.25",
        "@girs/harfbuzz-0.0": "^10.4.0-4.0.0-beta.25"
      }
    },
    "node_modules/@girs/xlib-2.0": {
      "version": "2.0.0-4.0.0-beta.25",
      "resolved": "https://registry.npmjs.org/@girs/xlib-2.0/-/xlib-2.0-2.0.0-4.0.0-beta.25.tgz",
      "integrity": "sha512-tuQnCMgQOwxsTs5j4u0JQG/ogfQKNYl/TPM7UzdyCXzF3aTqDFcZ1cfHap0FTnrkQ9R/NQhv7VN8Mc0d7sqK3A==",
      "dev": true,
      "license": "MIT",
      "dependencies": {
        "@girs/gjs": "^4.0.0-beta.25",
        "@girs/gobject-2.0": "^2.84.2-4.0.0-beta.25"
      }
    },
    "node_modules/typescript": {
      "version": "5.8.3",
      "resolved": "https://registry.npmjs.org/typescript/-/typescript-5.8.3.tgz",
      "integrity": "sha512-p1diW6TqL9L07nNxvRMM7hMMw4c5XOo/1ibL4aAIGmSAt9slTE1Xgw5KWuof2uTOvCg9BY7ZRi+GaF+7sfgPeQ==",
      "dev": true,
      "license": "Apache-2.0",
      "bin": {
        "tsc": "bin/tsc",
        "tsserver": "bin/tsserver"
      },
      "engines": {
        "node": ">=14.17"
      }
    }
  }
}
